
Microsoft Visual Studio Solution File, Format Version 12.00
# Visual Studio Version 17
VisualStudioVersion = 17.1.31911.260
MinimumVisualStudioVersion = 10.0.40219.1
Project("{2150E333-8FDC-42A3-9474-1A3956D46DE8}") = "Source", "Source", "{1369F6B2-8A36-41F7-90A4-1485596D80F7}"
EndProject
Project("{2150E333-8FDC-42A3-9474-1A3956D46DE8}") = "API", "API", "{E2D5B0A8-1B92-44EF-A586-C1F26C441C02}"
EndProject
Project("{2150E333-8FDC-42A3-9474-1A3956D46DE8}") = "Core", "Core", "{58A8AC29-973B-442B-AB8E-F1F9EA8CB157}"
EndProject
Project("{2150E333-8FDC-42A3-9474-1A3956D46DE8}") = "Infrastructure", "Infrastructure", "{B36A221F-4998-4CE4-AD1F-09C16B57C0CB}"
EndProject
Project("{FAE04EC0-301F-11D3-BF4B-00C04F79EFBC}") = "FPCMMS.Application", "FPCMMS.Application\FPCMMS.Application.csproj", "{AD71257F-4BF6-4ADD-B09A-1174D08C9A52}"
EndProject
Project("{FAE04EC0-301F-11D3-BF4B-00C04F79EFBC}") = "FPCMMS.Domain", "FPCMMS.Domain\FPCMMS.Domain.csproj", "{2B365B27-6158-4030-8EE4-7241FEE0BC59}"
EndProject
Project("{FAE04EC0-301F-11D3-BF4B-00C04F79EFBC}") = "FPCMMS.Infrastructure.Identity", "FPCMMS.Infrastructure.Identity\FPCMMS.Infrastructure.Identity.csproj", "{FF397E39-3D3F-4E28-A261-204E86586F75}"
EndProject
Project("{FAE04EC0-301F-11D3-BF4B-00C04F79EFBC}") = "FPCMMS.Infrastructure.Persistence", "FPCMMS.Infrastructure.Persistence\FPCMMS.Infrastructure.Persistence.csproj", "{FCE0EC18-3E23-472F-B757-C86E156177E8}"
EndProject
Project("{FAE04EC0-301F-11D3-BF4B-00C04F79EFBC}") = "FPCMMS.API", "FPCMMS.API\FPCMMS.API.csproj", "{C36F0753-3C54-4F11-81EF-D20BADC22D67}"
EndProject
Global
	GlobalSection(SolutionConfigurationPlatforms) = preSolution
		Debug|Any CPU = Debug|Any CPU
		Release|Any CPU = Release|Any CPU
	EndGlobalSection
	GlobalSection(ProjectConfigurationPlatforms) = postSolution
		{AD71257F-4BF6-4ADD-B09A-1174D08C9A52}.Debug|Any CPU.ActiveCfg = Debug|Any CPU
		{AD71257F-4BF6-4ADD-B09A-1174D08C9A52}.Debug|Any CPU.Build.0 = Debug|Any CPU
		{AD71257F-4BF6-4ADD-B09A-1174D08C9A52}.Release|Any CPU.ActiveCfg = Release|Any CPU
		{AD71257F-4BF6-4ADD-B09A-1174D08C9A52}.Release|Any CPU.Build.0 = Release|Any CPU
		{2B365B27-6158-4030-8EE4-7241FEE0BC59}.Debug|Any CPU.ActiveCfg = Debug|Any CPU
		{2B365B27-6158-4030-8EE4-7241FEE0BC59}.Debug|Any CPU.Build.0 = Debug|Any CPU
		{2B365B27-6158-4030-8EE4-7241FEE0BC59}.Release|Any CPU.ActiveCfg = Release|Any CPU
		{2B365B27-6158-4030-8EE4-7241FEE0BC59}.Release|Any CPU.Build.0 = Release|Any CPU
		{FF397E39-3D3F-4E28-A261-204E86586F75}.Debug|Any CPU.ActiveCfg = Debug|Any CPU
		{FF397E39-3D3F-4E28-A261-204E86586F75}.Debug|Any CPU.Build.0 = Debug|Any CPU
		{FF397E39-3D3F-4E28-A261-204E86586F75}.Release|Any CPU.ActiveCfg = Release|Any CPU
		{FF397E39-3D3F-4E28-A261-204E86586F75}.Release|Any CPU.Build.0 = Release|Any CPU
		{FCE0EC18-3E23-472F-B757-C86E156177E8}.Debug|Any CPU.ActiveCfg = Debug|Any CPU
		{FCE0EC18-3E23-472F-B757-C86E156177E8}.Debug|Any CPU.Build.0 = Debug|Any CPU
		{FCE0EC18-3E23-472F-B757-C86E156177E8}.Release|Any CPU.ActiveCfg = Release|Any CPU
		{FCE0EC18-3E23-472F-B757-C86E156177E8}.Release|Any CPU.Build.0 = Release|Any CPU
		{C36F0753-3C54-4F11-81EF-D20BADC22D67}.Debug|Any CPU.ActiveCfg = Debug|Any CPU
		{C36F0753-3C54-4F11-81EF-D20BADC22D67}.Debug|Any CPU.Build.0 = Debug|Any CPU
		{C36F0753-3C54-4F11-81EF-D20BADC22D67}.Release|Any CPU.ActiveCfg = Release|Any CPU
		{C36F0753-3C54-4F11-81EF-D20BADC22D67}.Release|Any CPU.Build.0 = Release|Any CPU
	EndGlobalSection
	GlobalSection(SolutionProperties) = preSolution
		HideSolutionNode = FALSE
	EndGlobalSection
	GlobalSection(NestedProjects) = preSolution
		{E2D5B0A8-1B92-44EF-A586-C1F26C441C02} = {1369F6B2-8A36-41F7-90A4-1485596D80F7}
		{58A8AC29-973B-442B-AB8E-F1F9EA8CB157} = {1369F6B2-8A36-41F7-90A4-1485596D80F7}
		{B36A221F-4998-4CE4-AD1F-09C16B57C0CB} = {1369F6B2-8A36-41F7-90A4-1485596D80F7}
		{AD71257F-4BF6-4ADD-B09A-1174D08C9A52} = {58A8AC29-973B-442B-AB8E-F1F9EA8CB157}
		{2B365B27-6158-4030-8EE4-7241FEE0BC59} = {58A8AC29-973B-442B-AB8E-F1F9EA8CB157}
		{FF397E39-3D3F-4E28-A261-204E86586F75} = {B36A221F-4998-4CE4-AD1F-09C16B57C0CB}
		{FCE0EC18-3E23-472F-B757-C86E156177E8} = {B36A221F-4998-4CE4-AD1F-09C16B57C0CB}
		{C36F0753-3C54-4F11-81EF-D20BADC22D67} = {E2D5B0A8-1B92-44EF-A586-C1F26C441C02}
	EndGlobalSection
	GlobalSection(ExtensibilityGlobals) = postSolution
		SolutionGuid = {A7BB7A75-4935-4D02-AA61-250A9F6CFBE3}
	EndGlobalSection
EndGlobal
